{
    "_readme": [
        "This file locks the dependencies of your project to a known state",
        "Read more about it at https://getcomposer.org/doc/01-basic-usage.md#composer-lock-the-lock-file",
        "This file is @generated automatically"
    ],
    "content-hash": "86d252bed75947ae001874f9ffe40cfc",
    "packages": [
        {
            "name": "danielstjules/pho",
            "version": "1.2.1",
            "source": {
                "type": "git",
                "url": "https://github.com/danielstjules/pho.git",
                "reference": "1514be7fc15632bd04ba1c3f0cccc57859c7969f"
            },
            "dist": {
                "type": "zip",
                "url": "https://api.github.com/repos/danielstjules/pho/zipball/1514be7fc15632bd04ba1c3f0cccc57859c7969f",
                "reference": "1514be7fc15632bd04ba1c3f0cccc57859c7969f",
                "shasum": ""
            },
            "require": {
                "php": ">=5.4.0"
            },
            "bin": [
                "bin/pho"
            ],
            "type": "library",
            "autoload": {
                "psr-4": {
                    "pho\\": "src/"
                }
            },
            "notification-url": "https://packagist.org/downloads/",
            "license": [
                "MIT"
            ],
            "authors": [
                {
                    "name": "Daniel St. Jules",
                    "email": "danielst.jules@gmail.com",
                    "homepage": "http://www.danielstjules.com"
                }
            ],
            "description": "A BDD testing framework",
            "homepage": "https://github.com/danielstjules/pho",
            "keywords": [
                "BDD",
                "behavior driven development",
                "framework",
                "pho",
                "test",
                "unit"
            ],
            "time": "2017-04-24T04:47:17+00:00"
        },
        {
            "name": "eloquent/phony",
            "version": "2.0.0",
            "source": {
                "type": "git",
                "url": "https://github.com/eloquent/phony.git",
                "reference": "96c6618d54b21b01eacf4b8aea5a279496b466f6"
            },
            "dist": {
                "type": "zip",
                "url": "https://api.github.com/repos/eloquent/phony/zipball/96c6618d54b21b01eacf4b8aea5a279496b466f6",
                "reference": "96c6618d54b21b01eacf4b8aea5a279496b466f6",
                "shasum": ""
            },
            "require": {
                "php": ">=7"
            },
            "require-dev": {
                "errors/exceptions": "^0.2",
                "ext-pdo": "*",
                "friendsofphp/php-cs-fixer": "^2",
                "hamcrest/hamcrest-php": "^2",
                "icecave/semver": "^3",
                "phpunit/phpunit": "^6"
            },
            "type": "library",
            "autoload": {
                "psr-4": {
                    "Eloquent\\Phony\\": "src"
                },
                "files": [
                    "src/initialize.php",
                    "src/functions.php"
                ]
            },
            "notification-url": "https://packagist.org/downloads/",
            "license": [
                "MIT"
            ],
            "authors": [
                {
                    "name": "Erin Millard",
                    "email": "ezzatron@gmail.com",
                    "homepage": "http://ezzatron.com/"
                }
            ],
            "description": "Mocks, stubs, and spies for PHP.",
            "homepage": "http://eloquent-software.com/phony/",
            "keywords": [
                "Double",
                "Dummy",
                "fake",
                "mock",
                "mocking",
                "spy",
                "stub",
                "stubbing",
                "test"
            ],
            "time": "2017-09-29T01:22:33+00:00"
        },
        {
            "name": "eloquent/phony-pho",
            "version": "2.0.0",
            "source": {
                "type": "git",
                "url": "https://github.com/eloquent/phony-pho.git",
                "reference": "f88e984d1689e3210a1d47d95959fb8a0c200b92"
            },
            "dist": {
                "type": "zip",
                "url": "https://api.github.com/repos/eloquent/phony-pho/zipball/f88e984d1689e3210a1d47d95959fb8a0c200b92",
                "reference": "f88e984d1689e3210a1d47d95959fb8a0c200b92",
                "shasum": ""
            },
            "require": {
                "danielstjules/pho": "^1",
                "eloquent/phony": "^2",
                "php": ">=7"
            },
            "require-dev": {
                "errors/exceptions": "^0.2",
                "friendsofphp/php-cs-fixer": "^2",
                "phpunit/phpunit": "^6"
            },
            "type": "library",
            "autoload": {
                "psr-4": {
                    "Eloquent\\Phony\\Pho\\": "src"
                },
                "files": [
                    "src/initialize.php",
                    "src/functions.php"
                ]
            },
            "notification-url": "https://packagist.org/downloads/",
            "license": [
                "MIT"
            ],
            "authors": [
                {
                    "name": "Erin Millard",
                    "email": "ezzatron@gmail.com",
                    "homepage": "http://ezzatron.com/"
                }
            ],
            "description": "Phony for Pho.",
            "homepage": "http://eloquent-software.com/phony/",
            "keywords": [
                "Double",
                "Dummy",
                "fake",
                "mock",
                "mocking",
                "spy",
                "stub",
                "stubbing",
                "test"
            ],
            "time": "2017-09-29T03:24:19+00:00"
        },
        {
            "name": "errors/exceptions",
            "version": "0.2.0",
            "source": {
                "type": "git",
                "url": "https://github.com/php-errors/exceptions.git",
                "reference": "8115762ac206196d355f644de4b4623fa81d27f2"
            },
            "dist": {
                "type": "zip",
                "url": "https://api.github.com/repos/php-errors/exceptions/zipball/8115762ac206196d355f644de4b4623fa81d27f2",
                "reference": "8115762ac206196d355f644de4b4623fa81d27f2",
                "shasum": ""
            },
            "conflict": {
                "errors/native": "*"
            },
            "require-dev": {
                "errors/specification": "^0.1"
            },
            "type": "library",
            "autoload": {
                "files": [
                    "src/handler.php"
                ]
            },
            "notification-url": "https://packagist.org/downloads/",
            "license": [
                "MIT"
            ],
            "authors": [
                {
                    "name": "Erin Millard",
                    "email": "ezzatron@gmail.com",
                    "homepage": "http://ezzatron.com/"
                }
            ],
            "description": "An error handler that produces error exceptions when a native error occurs.",
            "homepage": "https://github.com/php-errors/exceptions",
            "keywords": [
                "error",
                "errorexception",
                "errors",
                "exception",
                "handler"
            ],
            "time": "2017-07-03T23:04:46+00:00"
        }
    ],
    "packages-dev": [],
    "aliases": [],
    "minimum-stability": "stable",
    "stability-flags": [],
    "prefer-stable": false,
    "prefer-lowest": false,
    "platform": [],
    "platform-dev": []
}
