{
    "_readme": [
        "This file locks the dependencies of your project to a known state",
        "Read more about it at https://getcomposer.org/doc/01-basic-usage.md#composer-lock-the-lock-file",
        "This file is @generated automatically"
    ],
    "content-hash": "f2eb671a0da29128dc87185d42ac4128",
    "packages": [
        {
            "name": "eloquent/phony",
            "version": "1.0.1",
            "source": {
                "type": "git",
                "url": "https://github.com/eloquent/phony.git",
                "reference": "bff87a1c7c302a05d29b0aa2149bed8fc9f7627b"
            },
            "dist": {
                "type": "zip",
                "url": "https://api.github.com/repos/eloquent/phony/zipball/bff87a1c7c302a05d29b0aa2149bed8fc9f7627b",
                "reference": "bff87a1c7c302a05d29b0aa2149bed8fc9f7627b",
                "shasum": ""
            },
            "require": {
                "php": ">=5.3"
            },
            "require-dev": {
                "errors/exceptions": "^0.2",
                "ext-pdo": "*",
                "hamcrest/hamcrest-php": "^2",
                "icecave/semver": "^3",
                "phpunit/phpunit": "^4"
            },
            "type": "library",
            "autoload": {
                "psr-4": {
                    "Eloquent\\Phony\\": "src"
                },
                "files": [
                    "src/functions.php"
                ]
            },
            "notification-url": "https://packagist.org/downloads/",
            "license": [
                "MIT"
            ],
            "authors": [
                {
                    "name": "Erin Millard",
                    "email": "ezzatron@gmail.com",
                    "homepage": "http://ezzatron.com/"
                }
            ],
            "description": "Mocks, stubs, and spies for PHP.",
            "homepage": "http://eloquent-software.com/phony/",
            "keywords": [
                "Double",
                "Dummy",
                "fake",
                "mock",
                "mocking",
                "spy",
                "stub",
                "stubbing",
                "test"
            ],
            "time": "2017-07-04T01:10:30+00:00"
        },
        {
            "name": "eloquent/phony-simpletest",
            "version": "1.0.0",
            "source": {
                "type": "git",
                "url": "https://github.com/eloquent/phony-simpletest.git",
                "reference": "b0653b856569ef382d902477cd1ecc9633745327"
            },
            "dist": {
                "type": "zip",
                "url": "https://api.github.com/repos/eloquent/phony-simpletest/zipball/b0653b856569ef382d902477cd1ecc9633745327",
                "reference": "b0653b856569ef382d902477cd1ecc9633745327",
                "shasum": ""
            },
            "require": {
                "eloquent/phony": "^1",
                "php": ">=5.3",
                "simpletest/simpletest": "^1"
            },
            "require-dev": {
                "errors/exceptions": "^0.1",
                "phpunit/phpunit": "^4"
            },
            "type": "library",
            "autoload": {
                "psr-4": {
                    "Eloquent\\Phony\\Simpletest\\": "src"
                },
                "files": [
                    "src/functions.php"
                ]
            },
            "notification-url": "https://packagist.org/downloads/",
            "license": [
                "MIT"
            ],
            "authors": [
                {
                    "name": "Erin Millard",
                    "email": "ezzatron@gmail.com",
                    "homepage": "http://ezzatron.com/"
                }
            ],
            "description": "Phony for SimpleTest.",
            "homepage": "http://eloquent-software.com/phony/",
            "keywords": [
                "Double",
                "Dummy",
                "fake",
                "mock",
                "mocking",
                "spy",
                "stub",
                "stubbing",
                "test"
            ],
            "time": "2017-04-24T12:42:07+00:00"
        },
        {
            "name": "errors/exceptions",
            "version": "0.2.0",
            "source": {
                "type": "git",
                "url": "https://github.com/php-errors/exceptions.git",
                "reference": "8115762ac206196d355f644de4b4623fa81d27f2"
            },
            "dist": {
                "type": "zip",
                "url": "https://api.github.com/repos/php-errors/exceptions/zipball/8115762ac206196d355f644de4b4623fa81d27f2",
                "reference": "8115762ac206196d355f644de4b4623fa81d27f2",
                "shasum": ""
            },
            "conflict": {
                "errors/native": "*"
            },
            "require-dev": {
                "errors/specification": "^0.1"
            },
            "type": "library",
            "autoload": {
                "files": [
                    "src/handler.php"
                ]
            },
            "notification-url": "https://packagist.org/downloads/",
            "license": [
                "MIT"
            ],
            "authors": [
                {
                    "name": "Erin Millard",
                    "email": "ezzatron@gmail.com",
                    "homepage": "http://ezzatron.com/"
                }
            ],
            "description": "An error handler that produces error exceptions when a native error occurs.",
            "homepage": "https://github.com/php-errors/exceptions",
            "keywords": [
                "error",
                "errorexception",
                "errors",
                "exception",
                "handler"
            ],
            "time": "2017-07-03T23:04:46+00:00"
        },
        {
            "name": "simpletest/simpletest",
            "version": "v1.1.7",
            "source": {
                "type": "git",
                "url": "https://github.com/simpletest/simpletest.git",
                "reference": "2f8c466c114bdb9c11028a0c3e6d1380ae6a18dc"
            },
            "dist": {
                "type": "zip",
                "url": "https://api.github.com/repos/simpletest/simpletest/zipball/2f8c466c114bdb9c11028a0c3e6d1380ae6a18dc",
                "reference": "2f8c466c114bdb9c11028a0c3e6d1380ae6a18dc",
                "shasum": ""
            },
            "require": {
                "php": ">=5.0.5"
            },
            "replace": {
                "lastcraft/simpletest": "self.version",
                "vierbergenlars/simpletest": "self.version"
            },
            "type": "library",
            "autoload": {
                "classmap": [
                    "."
                ]
            },
            "notification-url": "https://packagist.org/downloads/",
            "license": [
                "LGPL-2.0+"
            ],
            "authors": [
                {
                    "name": "Lars Vierbergen",
                    "email": "vierbergenlars@gmail.com"
                },
                {
                    "name": "Lachlan Donald",
                    "email": "lachlan@ljd.cc"
                },
                {
                    "name": "Marcus Baker",
                    "email": "marcus@lastcraft.com",
                    "role": "Original project lead"
                },
                {
                    "name": "Jason Sweat",
                    "role": "Original developer"
                },
                {
                    "name": "Travis Swicegood",
                    "role": "Original developer"
                },
                {
                    "name": "Perrick Penet",
                    "role": "Original developer"
                },
                {
                    "name": "Edward Z. Yang",
                    "role": "Original developer"
                }
            ],
            "description": "Unit testing, mock objects and web testing framework for PHP built around test cases.",
            "homepage": "http://simpletest.org/",
            "keywords": [
                "SimpleTest",
                "code-coverage",
                "selenium",
                "testing",
                "unit-test"
            ],
            "time": "2015-09-21T18:19:52+00:00"
        }
    ],
    "packages-dev": [],
    "aliases": [],
    "minimum-stability": "stable",
    "stability-flags": [],
    "prefer-stable": false,
    "prefer-lowest": false,
    "platform": [],
    "platform-dev": []
}
