{
    "_readme": [
        "This file locks the dependencies of your project to a known state",
        "Read more about it at https://getcomposer.org/doc/01-basic-usage.md#composer-lock-the-lock-file",
        "This file is @generated automatically"
    ],
    "content-hash": "589f73e6f0983c4d377a3f27ab270d77",
    "packages": [
        {
            "name": "eloquent/phony",
            "version": "2.0.0",
            "source": {
                "type": "git",
                "url": "https://github.com/eloquent/phony.git",
                "reference": "96c6618d54b21b01eacf4b8aea5a279496b466f6"
            },
            "dist": {
                "type": "zip",
                "url": "https://api.github.com/repos/eloquent/phony/zipball/96c6618d54b21b01eacf4b8aea5a279496b466f6",
                "reference": "96c6618d54b21b01eacf4b8aea5a279496b466f6",
                "shasum": ""
            },
            "require": {
                "php": ">=7"
            },
            "require-dev": {
                "errors/exceptions": "^0.2",
                "ext-pdo": "*",
                "friendsofphp/php-cs-fixer": "^2",
                "hamcrest/hamcrest-php": "^2",
                "icecave/semver": "^3",
                "phpunit/phpunit": "^6"
            },
            "type": "library",
            "autoload": {
                "psr-4": {
                    "Eloquent\\Phony\\": "src"
                },
                "files": [
                    "src/initialize.php",
                    "src/functions.php"
                ]
            },
            "notification-url": "https://packagist.org/downloads/",
            "license": [
                "MIT"
            ],
            "authors": [
                {
                    "name": "Erin Millard",
                    "email": "ezzatron@gmail.com",
                    "homepage": "http://ezzatron.com/"
                }
            ],
            "description": "Mocks, stubs, and spies for PHP.",
            "homepage": "http://eloquent-software.com/phony/",
            "keywords": [
                "Double",
                "Dummy",
                "fake",
                "mock",
                "mocking",
                "spy",
                "stub",
                "stubbing",
                "test"
            ],
            "time": "2017-09-29T01:22:33+00:00"
        },
        {
            "name": "eloquent/phony-kahlan",
            "version": "1.0.0",
            "source": {
                "type": "git",
                "url": "https://github.com/eloquent/phony-kahlan.git",
                "reference": "18b9f48c51f0459505bb89ebb4315ad684eb0378"
            },
            "dist": {
                "type": "zip",
                "url": "https://api.github.com/repos/eloquent/phony-kahlan/zipball/18b9f48c51f0459505bb89ebb4315ad684eb0378",
                "reference": "18b9f48c51f0459505bb89ebb4315ad684eb0378",
                "shasum": ""
            },
            "require": {
                "eloquent/phony": "^2",
                "kahlan/kahlan": "^4",
                "php": ">=7"
            },
            "require-dev": {
                "errors/exceptions": "^0.2",
                "friendsofphp/php-cs-fixer": "^2"
            },
            "type": "library",
            "autoload": {
                "psr-4": {
                    "Eloquent\\Phony\\Kahlan\\": "src"
                },
                "files": [
                    "src/initialize.php",
                    "src/functions.php"
                ]
            },
            "notification-url": "https://packagist.org/downloads/",
            "license": [
                "MIT"
            ],
            "authors": [
                {
                    "name": "Erin Millard",
                    "email": "ezzatron@gmail.com",
                    "homepage": "http://ezzatron.com/"
                }
            ],
            "description": "Phony for Kahlan.",
            "homepage": "http://eloquent-software.com/phony/",
            "keywords": [
                "Double",
                "Dummy",
                "fake",
                "mock",
                "mocking",
                "spy",
                "stub",
                "stubbing",
                "test"
            ],
            "time": "2017-10-05T00:15:50+00:00"
        },
        {
            "name": "errors/exceptions",
            "version": "0.2.0",
            "source": {
                "type": "git",
                "url": "https://github.com/php-errors/exceptions.git",
                "reference": "8115762ac206196d355f644de4b4623fa81d27f2"
            },
            "dist": {
                "type": "zip",
                "url": "https://api.github.com/repos/php-errors/exceptions/zipball/8115762ac206196d355f644de4b4623fa81d27f2",
                "reference": "8115762ac206196d355f644de4b4623fa81d27f2",
                "shasum": ""
            },
            "conflict": {
                "errors/native": "*"
            },
            "require-dev": {
                "errors/specification": "^0.1"
            },
            "type": "library",
            "autoload": {
                "files": [
                    "src/handler.php"
                ]
            },
            "notification-url": "https://packagist.org/downloads/",
            "license": [
                "MIT"
            ],
            "authors": [
                {
                    "name": "Erin Millard",
                    "email": "ezzatron@gmail.com",
                    "homepage": "http://ezzatron.com/"
                }
            ],
            "description": "An error handler that produces error exceptions when a native error occurs.",
            "homepage": "https://github.com/php-errors/exceptions",
            "keywords": [
                "error",
                "errorexception",
                "errors",
                "exception",
                "handler"
            ],
            "time": "2017-07-03T23:04:46+00:00"
        },
        {
            "name": "kahlan/kahlan",
            "version": "4.0.0",
            "source": {
                "type": "git",
                "url": "https://github.com/kahlan/kahlan.git",
                "reference": "1edbcb3443a2bdb4b1df30b57f4a69a1c27c575f"
            },
            "dist": {
                "type": "zip",
                "url": "https://api.github.com/repos/kahlan/kahlan/zipball/1edbcb3443a2bdb4b1df30b57f4a69a1c27c575f",
                "reference": "1edbcb3443a2bdb4b1df30b57f4a69a1c27c575f",
                "shasum": ""
            },
            "require": {
                "php": ">=5.5"
            },
            "require-dev": {
                "squizlabs/php_codesniffer": "^2.7"
            },
            "bin": [
                "bin/kahlan"
            ],
            "type": "library",
            "autoload": {
                "psr-4": {
                    "Kahlan\\": "src/"
                },
                "files": [
                    "src/functions.php"
                ]
            },
            "notification-url": "https://packagist.org/downloads/",
            "license": [
                "MIT"
            ],
            "authors": [
                {
                    "name": "CrysaLEAD"
                }
            ],
            "description": "The PHP Test Framework for Freedom, Truth and Justice.",
            "keywords": [
                "BDD",
                "Behavior-Driven Development",
                "Monkey Patching",
                "TDD",
                "mock",
                "stub",
                "testing",
                "unit test"
            ],
            "time": "2017-10-04T22:54:01+00:00"
        },
        {
            "name": "psr/simple-cache",
            "version": "1.0.0",
            "source": {
                "type": "git",
                "url": "https://github.com/php-fig/simple-cache.git",
                "reference": "753fa598e8f3b9966c886fe13f370baa45ef0e24"
            },
            "dist": {
                "type": "zip",
                "url": "https://api.github.com/repos/php-fig/simple-cache/zipball/753fa598e8f3b9966c886fe13f370baa45ef0e24",
                "reference": "753fa598e8f3b9966c886fe13f370baa45ef0e24",
                "shasum": ""
            },
            "require": {
                "php": ">=5.3.0"
            },
            "type": "library",
            "extra": {
                "branch-alias": {
                    "dev-master": "1.0.x-dev"
                }
            },
            "autoload": {
                "psr-4": {
                    "Psr\\SimpleCache\\": "src/"
                }
            },
            "notification-url": "https://packagist.org/downloads/",
            "license": [
                "MIT"
            ],
            "authors": [
                {
                    "name": "PHP-FIG",
                    "homepage": "http://www.php-fig.org/"
                }
            ],
            "description": "Common interfaces for simple caching",
            "keywords": [
                "cache",
                "caching",
                "psr",
                "psr-16",
                "simple-cache"
            ],
            "time": "2017-01-02T13:31:39+00:00"
        }
    ],
    "packages-dev": [],
    "aliases": [],
    "minimum-stability": "stable",
    "stability-flags": [],
    "prefer-stable": false,
    "prefer-lowest": false,
    "platform": [],
    "platform-dev": []
}
